<?xml version="1.0" encoding="utf-8"?>
<Project ToolsVersion="4.0" xmlns="http://schemas.microsoft.com/developer/msbuild/2003">
  <ItemGroup>
    <Filter Include="smbios">
      <UniqueIdentifier>{befb6f0b-e0d1-4d54-b23f-27bac957d80f}</UniqueIdentifier>
    </Filter>
  </ItemGroup>
  <ItemGroup>
    <ClInclude Include="smbios\enums.h">
      <Filter>smbios</Filter>
    </ClInclude>
    <ClInclude Include="smbios\structs.h">
      <Filter>smbios</Filter>
    </ClInclude>
    <ClInclude Include="smbios\smbios.hpp">
      <Filter>smbios</Filter>
    </ClInclude>
  </ItemGroup>
  <ItemGroup>
    <ClCompile Include="example.cpp" />
  </ItemGroup>
  <ItemGroup>
    <None Include="LICENSE" />
    <None Include="README.md" />
  </ItemGroup>
</Project>